
Microsoft Visual Studio Solution File, Format Version 12.00
# Visual Studio Version 16
VisualStudioVersion = 16.0.30011.22
MinimumVisualStudioVersion = 10.0.40219.1
Project("{9A19103F-16F7-4668-BE54-9A1E7A4F7556}") = "FlightControlWeb", "FlightControlWeb\FlightControlWeb.csproj", "{2812E5E2-B9BA-4FB9-BDB4-45E7FEA06108}"
EndProject
Project("{9A19103F-16F7-4668-BE54-9A1E7A4F7556}") = "NUnitTest", "NUnitTest\NUnitTest.csproj", "{64BDF8A7-CEC6-4703-95E1-9EEB02131C69}"
EndProject
Global
	GlobalSection(SolutionConfigurationPlatforms) = preSolution
		Debug|Any CPU = Debug|Any CPU
		Release|Any CPU = Release|Any CPU
	EndGlobalSection
	GlobalSection(ProjectConfigurationPlatforms) = postSolution
		{2812E5E2-B9BA-4FB9-BDB4-45E7FEA06108}.Debug|Any CPU.ActiveCfg = Debug|Any CPU
		{2812E5E2-B9BA-4FB9-BDB4-45E7FEA06108}.Debug|Any CPU.Build.0 = Debug|Any CPU
		{2812E5E2-B9BA-4FB9-BDB4-45E7FEA06108}.Release|Any CPU.ActiveCfg = Release|Any CPU
		{2812E5E2-B9BA-4FB9-BDB4-45E7FEA06108}.Release|Any CPU.Build.0 = Release|Any CPU
		{64BDF8A7-CEC6-4703-95E1-9EEB02131C69}.Debug|Any CPU.ActiveCfg = Debug|Any CPU
		{64BDF8A7-CEC6-4703-95E1-9EEB02131C69}.Debug|Any CPU.Build.0 = Debug|Any CPU
		{64BDF8A7-CEC6-4703-95E1-9EEB02131C69}.Release|Any CPU.ActiveCfg = Release|Any CPU
		{64BDF8A7-CEC6-4703-95E1-9EEB02131C69}.Release|Any CPU.Build.0 = Release|Any CPU
	EndGlobalSection
	GlobalSection(SolutionProperties) = preSolution
		HideSolutionNode = FALSE
	EndGlobalSection
	GlobalSection(ExtensibilityGlobals) = postSolution
		SolutionGuid = {C1EB5170-3EAA-4548-B5FB-4070CE67B39B}
	EndGlobalSection
EndGlobal
